
Microsoft Visual Studio Solution File, Format Version 12.00
# Visual Studio Version 17
VisualStudioVersion = 17.9.34723.18
MinimumVisualStudioVersion = 10.0.40219.1
Project("{FAE04EC0-301F-11D3-BF4B-00C04F79EFBC}") = "sLoachaminS6", "sLoachaminS6.csproj", "{C3EFBCF1-5769-4351-A0F8-71619D37181D}"
EndProject
Global
	GlobalSection(SolutionConfigurationPlatforms) = preSolution
		Debug|Any CPU = Debug|Any CPU
		Release|Any CPU = Release|Any CPU
	EndGlobalSection
	GlobalSection(ProjectConfigurationPlatforms) = postSolution
		{C3EFBCF1-5769-4351-A0F8-71619D37181D}.Debug|Any CPU.ActiveCfg = Debug|Any CPU
		{C3EFBCF1-5769-4351-A0F8-71619D37181D}.Debug|Any CPU.Build.0 = Debug|Any CPU
		{C3EFBCF1-5769-4351-A0F8-71619D37181D}.Debug|Any CPU.Deploy.0 = Debug|Any CPU
		{C3EFBCF1-5769-4351-A0F8-71619D37181D}.Release|Any CPU.ActiveCfg = Release|Any CPU
		{C3EFBCF1-5769-4351-A0F8-71619D37181D}.Release|Any CPU.Build.0 = Release|Any CPU
		{C3EFBCF1-5769-4351-A0F8-71619D37181D}.Release|Any CPU.Deploy.0 = Release|Any CPU
	EndGlobalSection
	GlobalSection(SolutionProperties) = preSolution
		HideSolutionNode = FALSE
	EndGlobalSection
	GlobalSection(ExtensibilityGlobals) = postSolution
		SolutionGuid = {73832DB8-812E-43BB-9EEA-F416B5381EA7}
	EndGlobalSection
EndGlobal
